speakeasyVersion: 1.650.0
sources:
    undefined - Next.js OpenAPI Spec by Scalar:
        sourceNamespace: undefined---next-js-open-api-spec-by-scalar
        sourceRevisionDigest: sha256:28f777c9bf5219bfc6701833f3e161af6ee31ea7b077ae907baf9c5166b92dcc
        sourceBlobDigest: sha256:1e9ad39c2a2e71932e172e2aff2a6f494fe5474d6dd7aef93a9f6e3dca0df401
        tags:
            - latest
            - speakeasy-sdk-regen-1758008986
            - 0.0.0
targets:
    typescript:
        source: undefined - Next.js OpenAPI Spec by Scalar
        sourceNamespace: undefined---next-js-open-api-spec-by-scalar
        sourceRevisionDigest: sha256:28f777c9bf5219bfc6701833f3e161af6ee31ea7b077ae907baf9c5166b92dcc
        sourceBlobDigest: sha256:1e9ad39c2a2e71932e172e2aff2a6f494fe5474d6dd7aef93a9f6e3dca0df401
workflow:
    workflowVersion: 1.0.0
    speakeasyVersion: latest
    sources:
        undefined - Next.js OpenAPI Spec by Scalar:
            inputs:
                - location: https://www.linkage.dev/api/openapi/schema.json
            overlays:
                - location: .speakeasy/speakeasy-modifications-overlay.yaml
            output: .speakeasy/out.openapi.yaml
            registry:
                location: registry.speakeasyapi.dev/linkage/open/undefined---next-js-open-api-spec-by-scalar
    targets:
        typescript:
            target: typescript
            source: undefined - Next.js OpenAPI Spec by Scalar
            codeSamples:
                registry:
                    location: registry.speakeasyapi.dev/linkage/open/undefined---next-js-open-api-spec-by-scalar-typescript-code-samples
                labelOverride:
                    fixedValue: Typescript (SDK)
                blocking: false
